// !$*UTF8*$!
{
	archiveVersion = 1;
	classes = {
	};
	objectVersion = 50;
	objects = {

/* Begin PBXBuildFile section */
		95BFE52926C69B6C003097E7 /* AppDelegate.swift in Sources */ = {isa = PBXBuildFile; fileRef = 95BFE52826C69B6C003097E7 /* AppDelegate.swift */; };
		95BFE52B26C69B6C003097E7 /* SceneDelegate.swift in Sources */ = {isa = PBXBuildFile; fileRef = 95BFE52A26C69B6C003097E7 /* SceneDelegate.swift */; };
		95BFE52D26C69B6C003097E7 /* BaseVC.swift in Sources */ = {isa = PBXBuildFile; fileRef = 95BFE52C26C69B6C003097E7 /* BaseVC.swift */; };
		95BFE53226C69B73003097E7 /* Assets.xcassets in Resources */ = {isa = PBXBuildFile; fileRef = 95BFE53126C69B73003097E7 /* Assets.xcassets */; };
		95BFE53526C69B73003097E7 /* LaunchScreen.storyboard in Resources */ = {isa = PBXBuildFile; fileRef = 95BFE53326C69B73003097E7 /* LaunchScreen.storyboard */; };
		95BFE53D26C69CE4003097E7 /* HomeVC.swift in Sources */ = {isa = PBXBuildFile; fileRef = 95BFE53C26C69CE3003097E7 /* HomeVC.swift */; };
		95BFE53F26C69DE4003097E7 /* MenuVC.swift in Sources */ = {isa = PBXBuildFile; fileRef = 95BFE53E26C69DE4003097E7 /* MenuVC.swift */; };
		95BFE54126C69E4C003097E7 /* Toggler.swift in Sources */ = {isa = PBXBuildFile; fileRef = 95BFE54026C69E4C003097E7 /* Toggler.swift */; };
		95BFE54326C6A06E003097E7 /* MenuCell.swift in Sources */ = {isa = PBXBuildFile; fileRef = 95BFE54226C6A06E003097E7 /* MenuCell.swift */; };
		95BFE54526C6A238003097E7 /* Models.swift in Sources */ = {isa = PBXBuildFile; fileRef = 95BFE54426C6A238003097E7 /* Models.swift */; };
		95BFE54726C6A759003097E7 /* Gradients.swift in Sources */ = {isa = PBXBuildFile; fileRef = 95BFE54626C6A759003097E7 /* Gradients.swift */; };
		95BFE54926C6AAFA003097E7 /* SettingsVC.swift in Sources */ = {isa = PBXBuildFile; fileRef = 95BFE54826C6AAFA003097E7 /* SettingsVC.swift */; };
/* End PBXBuildFile section */

/* Begin PBXFileReference section */
		95BFE52526C69B6C003097E7 /* SideMenuBar.app */ = {isa = PBXFileReference; explicitFileType = wrapper.application; includeInIndex = 0; path = SideMenuBar.app; sourceTree = BUILT_PRODUCTS_DIR; };
		95BFE52826C69B6C003097E7 /* AppDelegate.swift */ = {isa = PBXFileReference; lastKnownFileType = sourcecode.swift; path = AppDelegate.swift; sourceTree = "<group>"; };
		95BFE52A26C69B6C003097E7 /* SceneDelegate.swift */ = {isa = PBXFileReference; lastKnownFileType = sourcecode.swift; path = SceneDelegate.swift; sourceTree = "<group>"; };
		95BFE52C26C69B6C003097E7 /* BaseVC.swift */ = {isa = PBXFileReference; lastKnownFileType = sourcecode.swift; path = BaseVC.swift; sourceTree = "<group>"; };
		95BFE53126C69B73003097E7 /* Assets.xcassets */ = {isa = PBXFileReference; lastKnownFileType = folder.assetcatalog; path = Assets.xcassets; sourceTree = "<group>"; };
		95BFE53426C69B73003097E7 /* Base */ = {isa = PBXFileReference; lastKnownFileType = file.storyboard; name = Base; path = Base.lproj/LaunchScreen.storyboard; sourceTree = "<group>"; };
		95BFE53626C69B73003097E7 /* Info.plist */ = {isa = PBXFileReference; lastKnownFileType = text.plist.xml; path = Info.plist; sourceTree = "<group>"; };
		95BFE53C26C69CE3003097E7 /* HomeVC.swift */ = {isa = PBXFileReference; lastKnownFileType = sourcecode.swift; path = HomeVC.swift; sourceTree = "<group>"; };
		95BFE53E26C69DE4003097E7 /* MenuVC.swift */ = {isa = PBXFileReference; lastKnownFileType = sourcecode.swift; path = MenuVC.swift; sourceTree = "<group>"; };
		95BFE54026C69E4C003097E7 /* Toggler.swift */ = {isa = PBXFileReference; lastKnownFileType = sourcecode.swift; path = Toggler.swift; sourceTree = "<group>"; };
		95BFE54226C6A06E003097E7 /* MenuCell.swift */ = {isa = PBXFileReference; lastKnownFileType = sourcecode.swift; path = MenuCell.swift; sourceTree = "<group>"; };
		95BFE54426C6A238003097E7 /* Models.swift */ = {isa = PBXFileReference; lastKnownFileType = sourcecode.swift; path = Models.swift; sourceTree = "<group>"; };
		95BFE54626C6A759003097E7 /* Gradients.swift */ = {isa = PBXFileReference; lastKnownFileType = sourcecode.swift; path = Gradients.swift; sourceTree = "<group>"; };
		95BFE54826C6AAFA003097E7 /* SettingsVC.swift */ = {isa = PBXFileReference; lastKnownFileType = sourcecode.swift; path = SettingsVC.swift; sourceTree = "<group>"; };
/* End PBXFileReference section */

/* Begin PBXFrameworksBuildPhase section */
		95BFE52226C69B6C003097E7 /* Frameworks */ = {
			isa = PBXFrameworksBuildPhase;
			buildActionMask = 2147483647;
			files = (
			);
			runOnlyForDeploymentPostprocessing = 0;
		};
/* End PBXFrameworksBuildPhase section */

/* Begin PBXGroup section */
		95BFE51C26C69B6C003097E7 = {
			isa = PBXGroup;
			children = (
				95BFE52726C69B6C003097E7 /* SideMenuBar */,
				95BFE52626C69B6C003097E7 /* Products */,
			);
			sourceTree = "<group>";
		};
		95BFE52626C69B6C003097E7 /* Products */ = {
			isa = PBXGroup;
			children = (
				95BFE52526C69B6C003097E7 /* SideMenuBar.app */,
			);
			name = Products;
			sourceTree = "<group>";
		};
		95BFE52726C69B6C003097E7 /* SideMenuBar */ = {
			isa = PBXGroup;
			children = (
				95BFE54A26C6ABA0003097E7 /* Models */,
				95BFE54B26C6ABC3003097E7 /* Views */,
				95BFE54C26C6ABD7003097E7 /* Controllers */,
				95BFE54D26C6ABEA003097E7 /* Protocols */,
				95BFE52826C69B6C003097E7 /* AppDelegate.swift */,
				95BFE52A26C69B6C003097E7 /* SceneDelegate.swift */,
				95BFE53126C69B73003097E7 /* Assets.xcassets */,
				95BFE53326C69B73003097E7 /* LaunchScreen.storyboard */,
				95BFE53626C69B73003097E7 /* Info.plist */,
			);
			path = SideMenuBar;
			sourceTree = "<group>";
		};
		95BFE54A26C6ABA0003097E7 /* Models */ = {
			isa = PBXGroup;
			children = (
				95BFE54426C6A238003097E7 /* Models.swift */,
			);
			path = Models;
			sourceTree = "<group>";
		};
		95BFE54B26C6ABC3003097E7 /* Views */ = {
			isa = PBXGroup;
			children = (
				95BFE54226C6A06E003097E7 /* MenuCell.swift */,
				95BFE54626C6A759003097E7 /* Gradients.swift */,
			);
			path = Views;
			sourceTree = "<group>";
		};
		95BFE54C26C6ABD7003097E7 /* Controllers */ = {
			isa = PBXGroup;
			children = (
				95BFE52C26C69B6C003097E7 /* BaseVC.swift */,
				95BFE53C26C69CE3003097E7 /* HomeVC.swift */,
				95BFE53E26C69DE4003097E7 /* MenuVC.swift */,
				95BFE54826C6AAFA003097E7 /* SettingsVC.swift */,
			);
			path = Controllers;
			sourceTree = "<group>";
		};
		95BFE54D26C6ABEA003097E7 /* Protocols */ = {
			isa = PBXGroup;
			children = (
				95BFE54026C69E4C003097E7 /* Toggler.swift */,
			);
			path = Protocols;
			sourceTree = "<group>";
		};
/* End PBXGroup section */

/* Begin PBXNativeTarget section */
		95BFE52426C69B6C003097E7 /* SideMenuBar */ = {
			isa = PBXNativeTarget;
			buildConfigurationList = 95BFE53926C69B73003097E7 /* Build configuration list for PBXNativeTarget "SideMenuBar" */;
			buildPhases = (
				95BFE52126C69B6C003097E7 /* Sources */,
				95BFE52226C69B6C003097E7 /* Frameworks */,
				95BFE52326C69B6C003097E7 /* Resources */,
			);
			buildRules = (
			);
			dependencies = (
			);
			name = SideMenuBar;
			productName = SideMenuBar;
			productReference = 95BFE52526C69B6C003097E7 /* SideMenuBar.app */;
			productType = "com.apple.product-type.application";
		};
/* End PBXNativeTarget section */

/* Begin PBXProject section */
		95BFE51D26C69B6C003097E7 /* Project object */ = {
			isa = PBXProject;
			attributes = {
				LastSwiftUpdateCheck = 1250;
				LastUpgradeCheck = 1250;
				TargetAttributes = {
					95BFE52426C69B6C003097E7 = {
						CreatedOnToolsVersion = 12.5.1;
					};
				};
			};
			buildConfigurationList = 95BFE52026C69B6C003097E7 /* Build configuration list for PBXProject "SideMenuBar" */;
			compatibilityVersion = "Xcode 9.3";
			developmentRegion = en;
			hasScannedForEncodings = 0;
			knownRegions = (
				en,
				Base,
			);
			mainGroup = 95BFE51C26C69B6C003097E7;
			productRefGroup = 95BFE52626C69B6C003097E7 /* Products */;
			projectDirPath = "";
			projectRoot = "";
			targets = (
				95BFE52426C69B6C003097E7 /* SideMenuBar */,
			);
		};
/* End PBXProject section */

/* Begin PBXResourcesBuildPhase section */
		95BFE52326C69B6C003097E7 /* Resources */ = {
			isa = PBXResourcesBuildPhase;
			buildActionMask = 2147483647;
			files = (
				95BFE53526C69B73003097E7 /* LaunchScreen.storyboard in Resources */,
				95BFE53226C69B73003097E7 /* Assets.xcassets in Resources */,
			);
			runOnlyForDeploymentPostprocessing = 0;
		};
/* End PBXResourcesBuildPhase section */

/* Begin PBXSourcesBuildPhase section */
		95BFE52126C69B6C003097E7 /* Sources */ = {
			isa = PBXSourcesBuildPhase;
			buildActionMask = 2147483647;
			files = (
				95BFE54326C6A06E003097E7 /* MenuCell.swift in Sources */,
				95BFE54126C69E4C003097E7 /* Toggler.swift in Sources */,
				95BFE54726C6A759003097E7 /* Gradients.swift in Sources */,
				95BFE54926C6AAFA003097E7 /* SettingsVC.swift in Sources */,
				95BFE52D26C69B6C003097E7 /* BaseVC.swift in Sources */,
				95BFE54526C6A238003097E7 /* Models.swift in Sources */,
				95BFE53D26C69CE4003097E7 /* HomeVC.swift in Sources */,
				95BFE52926C69B6C003097E7 /* AppDelegate.swift in Sources */,
				95BFE52B26C69B6C003097E7 /* SceneDelegate.swift in Sources */,
				95BFE53F26C69DE4003097E7 /* MenuVC.swift in Sources */,
			);
			runOnlyForDeploymentPostprocessing = 0;
		};
/* End PBXSourcesBuildPhase section */

/* Begin PBXVariantGroup section */
		95BFE53326C69B73003097E7 /* LaunchScreen.storyboard */ = {
			isa = PBXVariantGroup;
			children = (
				95BFE53426C69B73003097E7 /* Base */,
			);
			name = LaunchScreen.storyboard;
			sourceTree = "<group>";
		};
/* End PBXVariantGroup section */

/* Begin XCBuildConfiguration section */
		95BFE53726C69B73003097E7 /* Debug */ = {
			isa = XCBuildConfiguration;
			buildSettings = {
				ALWAYS_SEARCH_USER_PATHS = NO;
				CLANG_ANALYZER_NONNULL = YES;
				CLANG_ANALYZER_NUMBER_OBJECT_CONVERSION = YES_AGGRESSIVE;
				CLANG_CXX_LANGUAGE_STANDARD = "gnu++14";
				CLANG_CXX_LIBRARY = "libc++";
				CLANG_ENABLE_MODULES = YES;
				CLANG_ENABLE_OBJC_ARC = YES;
				CLANG_ENABLE_OBJC_WEAK = YES;
				CLANG_WARN_BLOCK_CAPTURE_AUTORELEASING = YES;
				CLANG_WARN_BOOL_CONVERSION = YES;
				CLANG_WARN_COMMA = YES;
				CLANG_WARN_CONSTANT_CONVERSION = YES;
				CLANG_WARN_DEPRECATED_OBJC_IMPLEMENTATIONS = YES;
				CLANG_WARN_DIRECT_OBJC_ISA_USAGE = YES_ERROR;
				CLANG_WARN_DOCUMENTATION_COMMENTS = YES;
				CLANG_WARN_EMPTY_BODY = YES;
				CLANG_WARN_ENUM_CONVERSION = YES;
				CLANG_WARN_INFINITE_RECURSION = YES;
				CLANG_WARN_INT_CONVERSION = YES;
				CLANG_WARN_NON_LITERAL_NULL_CONVERSION = YES;
				CLANG_WARN_OBJC_IMPLICIT_RETAIN_SELF = YES;
				CLANG_WARN_OBJC_LITERAL_CONVERSION = YES;
				CLANG_WARN_OBJC_ROOT_CLASS = YES_ERROR;
				CLANG_WARN_QUOTED_INCLUDE_IN_FRAMEWORK_HEADER = YES;
				CLANG_WARN_RANGE_LOOP_ANALYSIS = YES;
				CLANG_WARN_STRICT_PROTOTYPES = YES;
				CLANG_WARN_SUSPICIOUS_MOVE = YES;
				CLANG_WARN_UNGUARDED_AVAILABILITY = YES_AGGRESSIVE;
				CLANG_WARN_UNREACHABLE_CODE = YES;
				CLANG_WARN__DUPLICATE_METHOD_MATCH = YES;
				COPY_PHASE_STRIP = NO;
				DEBUG_INFORMATION_FORMAT = dwarf;
				ENABLE_STRICT_OBJC_MSGSEND = YES;
				ENABLE_TESTABILITY = YES;
				GCC_C_LANGUAGE_STANDARD = gnu11;
				GCC_DYNAMIC_NO_PIC = NO;
				GCC_NO_COMMON_BLOCKS = YES;
				GCC_OPTIMIZATION_LEVEL = 0;
				GCC_PREPROCESSOR_DEFINITIONS = (
					"DEBUG=1",
					"$(inherited)",
				);
				GCC_WARN_64_TO_32_BIT_CONVERSION = YES;
				GCC_WARN_ABOUT_RETURN_TYPE = YES_ERROR;
				GCC_WARN_UNDECLARED_SELECTOR = YES;
				GCC_WARN_UNINITIALIZED_AUTOS = YES_AGGRESSIVE;
				GCC_WARN_UNUSED_FUNCTION = YES;
				GCC_WARN_UNUSED_VARIABLE = YES;
				IPHONEOS_DEPLOYMENT_TARGET = 14.5;
				MTL_ENABLE_DEBUG_INFO = INCLUDE_SOURCE;
				MTL_FAST_MATH = YES;
				ONLY_ACTIVE_ARCH = YES;
				SDKROOT = iphoneos;
				SWIFT_ACTIVE_COMPILATION_CONDITIONS = DEBUG;
				SWIFT_OPTIMIZATION_LEVEL = "-Onone";
			};
			name = Debug;
		};
		95BFE53826C69B73003097E7 /* Release */ = {
			isa = XCBuildConfiguration;
			buildSettings = {
				ALWAYS_SEARCH_USER_PATHS = NO;
				CLANG_ANALYZER_NONNULL = YES;
				CLANG_ANALYZER_NUMBER_OBJECT_CONVERSION = YES_AGGRESSIVE;
				CLANG_CXX_LANGUAGE_STANDARD = "gnu++14";
				CLANG_CXX_LIBRARY = "libc++";
				CLANG_ENABLE_MODULES = YES;
				CLANG_ENABLE_OBJC_ARC = YES;
				CLANG_ENABLE_OBJC_WEAK = YES;
				CLANG_WARN_BLOCK_CAPTURE_AUTORELEASING = YES;
				CLANG_WARN_BOOL_CONVERSION = YES;
				CLANG_WARN_COMMA = YES;
				CLANG_WARN_CONSTANT_CONVERSION = YES;
				CLANG_WARN_DEPRECATED_OBJC_IMPLEMENTATIONS = YES;
				CLANG_WARN_DIRECT_OBJC_ISA_USAGE = YES_ERROR;
				CLANG_WARN_DOCUMENTATION_COMMENTS = YES;
				CLANG_WARN_EMPTY_BODY = YES;
				CLANG_WARN_ENUM_CONVERSION = YES;
				CLANG_WARN_INFINITE_RECURSION = YES;
				CLANG_WARN_INT_CONVERSION = YES;
				CLANG_WARN_NON_LITERAL_NULL_CONVERSION = YES;
				CLANG_WARN_OBJC_IMPLICIT_RETAIN_SELF = YES;
				CLANG_WARN_OBJC_LITERAL_CONVERSION = YES;
				CLANG_WARN_OBJC_ROOT_CLASS = YES_ERROR;
				CLANG_WARN_QUOTED_INCLUDE_IN_FRAMEWORK_HEADER = YES;
				CLANG_WARN_RANGE_LOOP_ANALYSIS = YES;
				CLANG_WARN_STRICT_PROTOTYPES = YES;
				CLANG_WARN_SUSPICIOUS_MOVE = YES;
				CLANG_WARN_UNGUARDED_AVAILABILITY = YES_AGGRESSIVE;
				CLANG_WARN_UNREACHABLE_CODE = YES;
				CLANG_WARN__DUPLICATE_METHOD_MATCH = YES;
				COPY_PHASE_STRIP = NO;
				DEBUG_INFORMATION_FORMAT = "dwarf-with-dsym";
				ENABLE_NS_ASSERTIONS = NO;
				ENABLE_STRICT_OBJC_MSGSEND = YES;
				GCC_C_LANGUAGE_STANDARD = gnu11;
				GCC_NO_COMMON_BLOCKS = YES;
				GCC_WARN_64_TO_32_BIT_CONVERSION = YES;
				GCC_WARN_ABOUT_RETURN_TYPE = YES_ERROR;
				GCC_WARN_UNDECLARED_SELECTOR = YES;
				GCC_WARN_UNINITIALIZED_AUTOS = YES_AGGRESSIVE;
				GCC_WARN_UNUSED_FUNCTION = YES;
				GCC_WARN_UNUSED_VARIABLE = YES;
				IPHONEOS_DEPLOYMENT_TARGET = 14.5;
				MTL_ENABLE_DEBUG_INFO = NO;
				MTL_FAST_MATH = YES;
				SDKROOT = iphoneos;
				SWIFT_COMPILATION_MODE = wholemodule;
				SWIFT_OPTIMIZATION_LEVEL = "-O";
				VALIDATE_PRODUCT = YES;
			};
			name = Release;
		};
		95BFE53A26C69B73003097E7 /* Debug */ = {
			isa = XCBuildConfiguration;
			buildSettings = {
				ASSETCATALOG_COMPILER_APPICON_NAME = AppIcon;
				ASSETCATALOG_COMPILER_GLOBAL_ACCENT_COLOR_NAME = AccentColor;
				CODE_SIGN_STYLE = Automatic;
				DEVELOPMENT_TEAM = HM3JVVUNFD;
				INFOPLIST_FILE = SideMenuBar/Info.plist;
				LD_RUNPATH_SEARCH_PATHS = (
					"$(inherited)",
					"@executable_path/Frameworks",
				);
				PRODUCT_BUNDLE_IDENTIFIER = com.mingg.SideMenuBar;
				PRODUCT_NAME = "$(TARGET_NAME)";
				SWIFT_VERSION = 5.0;
				TARGETED_DEVICE_FAMILY = 1;
			};
			name = Debug;
		};
		95BFE53B26C69B73003097E7 /* Release */ = {
			isa = XCBuildConfiguration;
			buildSettings = {
				ASSETCATALOG_COMPILER_APPICON_NAME = AppIcon;
				ASSETCATALOG_COMPILER_GLOBAL_ACCENT_COLOR_NAME = AccentColor;
				CODE_SIGN_STYLE = Automatic;
				DEVELOPMENT_TEAM = HM3JVVUNFD;
				INFOPLIST_FILE = SideMenuBar/Info.plist;
				LD_RUNPATH_SEARCH_PATHS = (
					"$(inherited)",
					"@executable_path/Frameworks",
				);
				PRODUCT_BUNDLE_IDENTIFIER = com.mingg.SideMenuBar;
				PRODUCT_NAME = "$(TARGET_NAME)";
				SWIFT_VERSION = 5.0;
				TARGETED_DEVICE_FAMILY = 1;
			};
			name = Release;
		};
/* End XCBuildConfiguration section */

/* Begin XCConfigurationList section */
		95BFE52026C69B6C003097E7 /* Build configuration list for PBXProject "SideMenuBar" */ = {
			isa = XCConfigurationList;
			buildConfigurations = (
				95BFE53726C69B73003097E7 /* Debug */,
				95BFE53826C69B73003097E7 /* Release */,
			);
			defaultConfigurationIsVisible = 0;
			defaultConfigurationName = Release;
		};
		95BFE53926C69B73003097E7 /* Build configuration list for PBXNativeTarget "SideMenuBar" */ = {
			isa = XCConfigurationList;
			buildConfigurations = (
				95BFE53A26C69B73003097E7 /* Debug */,
				95BFE53B26C69B73003097E7 /* Release */,
			);
			defaultConfigurationIsVisible = 0;
			defaultConfigurationName = Release;
		};
/* End XCConfigurationList section */
	};
	rootObject = 95BFE51D26C69B6C003097E7 /* Project object */;
}
